// !$*UTF8*$!
{
	archiveVersion = 1;
	classes = {
	};
	objectVersion = 46;
	objects = {

/* Begin PBXBuildFile section */
		364E19801BA0DB09007F881F /* FrutigerLTStd-Bold.otf in Resources */ = {isa = PBXBuildFile; fileRef = 364E197C1BA0DB09007F881F /* FrutigerLTStd-Bold.otf */; };
		364E19811BA0DB09007F881F /* FrutigerLTStd-Light.otf in Resources */ = {isa = PBXBuildFile; fileRef = 364E197D1BA0DB09007F881F /* FrutigerLTStd-Light.otf */; };
		364E19821BA0DB09007F881F /* FrutigerLTStd-LightCn.otf in Resources */ = {isa = PBXBuildFile; fileRef = 364E197E1BA0DB09007F881F /* FrutigerLTStd-LightCn.otf */; };
		364E19831BA0DB09007F881F /* FrutigerLTStd-Roman.otf in Resources */ = {isa = PBXBuildFile; fileRef = 364E197F1BA0DB09007F881F /* FrutigerLTStd-Roman.otf */; };
		364E19851BA2FDBD007F881F /* CrumbAnnotationView.xib in Resources */ = {isa = PBXBuildFile; fileRef = 364E19841BA2FDBD007F881F /* CrumbAnnotationView.xib */; };
		364E19871BA300BB007F881F /* Trail.swift in Sources */ = {isa = PBXBuildFile; fileRef = 364E19861BA300BB007F881F /* Trail.swift */; };
		364E19891BA3016F007F881F /* User.swift in Sources */ = {isa = PBXBuildFile; fileRef = 364E19881BA3016F007F881F /* User.swift */; };
		364E198B1BA30416007F881F /* CrumbAnnotationView.swift in Sources */ = {isa = PBXBuildFile; fileRef = 364E198A1BA30416007F881F /* CrumbAnnotationView.swift */; };
		364E198E1BA31738007F881F /* UIView.swift in Sources */ = {isa = PBXBuildFile; fileRef = 364E198D1BA31738007F881F /* UIView.swift */; };
		364E19901BA36B57007F881F /* CLLocation.swift in Sources */ = {isa = PBXBuildFile; fileRef = 364E198F1BA36B57007F881F /* CLLocation.swift */; };
		367562651B9F77FF00189248 /* Crumb.swift in Sources */ = {isa = PBXBuildFile; fileRef = 367562641B9F77FF00189248 /* Crumb.swift */; };
		36E99DDF1B9798BC008347CC /* AppDelegate.swift in Sources */ = {isa = PBXBuildFile; fileRef = 36E99DDE1B9798BC008347CC /* AppDelegate.swift */; };
		36E99DE11B9798BC008347CC /* ViewController.swift in Sources */ = {isa = PBXBuildFile; fileRef = 36E99DE01B9798BC008347CC /* ViewController.swift */; };
		36E99DE41B9798BC008347CC /* Main.storyboard in Resources */ = {isa = PBXBuildFile; fileRef = 36E99DE21B9798BC008347CC /* Main.storyboard */; };
		36E99DE61B9798BC008347CC /* Images.xcassets in Resources */ = {isa = PBXBuildFile; fileRef = 36E99DE51B9798BC008347CC /* Images.xcassets */; };
		36E99DE91B9798BC008347CC /* LaunchScreen.xib in Resources */ = {isa = PBXBuildFile; fileRef = 36E99DE71B9798BC008347CC /* LaunchScreen.xib */; };
		36E99DF51B9798BC008347CC /* BreadcrumbsTests.swift in Sources */ = {isa = PBXBuildFile; fileRef = 36E99DF41B9798BC008347CC /* BreadcrumbsTests.swift */; };
		36E99DFF1B9799D6008347CC /* Podfile in Resources */ = {isa = PBXBuildFile; fileRef = 36E99DFE1B9799D6008347CC /* Podfile */; };
		36FFB6E31B988FD00020ED80 /* .gitignore in Resources */ = {isa = PBXBuildFile; fileRef = 36FFB6E21B988FD00020ED80 /* .gitignore */; };
		B564919D910B33E66E5CD679 /* Pods_Breadcrumbs.framework in Frameworks */ = {isa = PBXBuildFile; fileRef = F0B528B30BB76648E600E0D1 /* Pods_Breadcrumbs.framework */; settings = {ATTRIBUTES = (Weak, ); }; };
/* End PBXBuildFile section */

/* Begin PBXContainerItemProxy section */
		36E99DEF1B9798BC008347CC /* PBXContainerItemProxy */ = {
			isa = PBXContainerItemProxy;
			containerPortal = 36E99DD11B9798BC008347CC /* Project object */;
			proxyType = 1;
			remoteGlobalIDString = 36E99DD81B9798BC008347CC;
			remoteInfo = Breadcrumbs;
		};
/* End PBXContainerItemProxy section */

/* Begin PBXFileReference section */
		10063EA1933AD1E59B93F0EC /* Pods-Breadcrumbs.release.xcconfig */ = {isa = PBXFileReference; includeInIndex = 1; lastKnownFileType = text.xcconfig; name = "Pods-Breadcrumbs.release.xcconfig"; path = "Pods/Target Support Files/Pods-Breadcrumbs/Pods-Breadcrumbs.release.xcconfig"; sourceTree = "<group>"; };
		2D298B3D31F34D255ADD2A38 /* Pods-Breadcrumbs.debug.xcconfig */ = {isa = PBXFileReference; includeInIndex = 1; lastKnownFileType = text.xcconfig; name = "Pods-Breadcrumbs.debug.xcconfig"; path = "Pods/Target Support Files/Pods-Breadcrumbs/Pods-Breadcrumbs.debug.xcconfig"; sourceTree = "<group>"; };
		364E197C1BA0DB09007F881F /* FrutigerLTStd-Bold.otf */ = {isa = PBXFileReference; lastKnownFileType = file; path = "FrutigerLTStd-Bold.otf"; sourceTree = "<group>"; };
		364E197D1BA0DB09007F881F /* FrutigerLTStd-Light.otf */ = {isa = PBXFileReference; lastKnownFileType = file; path = "FrutigerLTStd-Light.otf"; sourceTree = "<group>"; };
		364E197E1BA0DB09007F881F /* FrutigerLTStd-LightCn.otf */ = {isa = PBXFileReference; lastKnownFileType = file; path = "FrutigerLTStd-LightCn.otf"; sourceTree = "<group>"; };
		364E197F1BA0DB09007F881F /* FrutigerLTStd-Roman.otf */ = {isa = PBXFileReference; lastKnownFileType = file; path = "FrutigerLTStd-Roman.otf"; sourceTree = "<group>"; };
		364E19841BA2FDBD007F881F /* CrumbAnnotationView.xib */ = {isa = PBXFileReference; fileEncoding = 4; lastKnownFileType = file.xib; path = CrumbAnnotationView.xib; sourceTree = "<group>"; };
		364E19861BA300BB007F881F /* Trail.swift */ = {isa = PBXFileReference; fileEncoding = 4; lastKnownFileType = sourcecode.swift; path = Trail.swift; sourceTree = "<group>"; };
		364E19881BA3016F007F881F /* User.swift */ = {isa = PBXFileReference; fileEncoding = 4; lastKnownFileType = sourcecode.swift; path = User.swift; sourceTree = "<group>"; };
		364E198A1BA30416007F881F /* CrumbAnnotationView.swift */ = {isa = PBXFileReference; fileEncoding = 4; lastKnownFileType = sourcecode.swift; path = CrumbAnnotationView.swift; sourceTree = "<group>"; };
		364E198D1BA31738007F881F /* UIView.swift */ = {isa = PBXFileReference; fileEncoding = 4; lastKnownFileType = sourcecode.swift; path = UIView.swift; sourceTree = "<group>"; };
		364E198F1BA36B57007F881F /* CLLocation.swift */ = {isa = PBXFileReference; fileEncoding = 4; lastKnownFileType = sourcecode.swift; path = CLLocation.swift; sourceTree = "<group>"; };
		367562641B9F77FF00189248 /* Crumb.swift */ = {isa = PBXFileReference; fileEncoding = 4; lastKnownFileType = sourcecode.swift; path = Crumb.swift; sourceTree = "<group>"; };
		367562661BA05D0A00189248 /* Breadcrumbs-Bridging-Header.h */ = {isa = PBXFileReference; lastKnownFileType = sourcecode.c.h; path = "Breadcrumbs-Bridging-Header.h"; sourceTree = "<group>"; };
		36E99DD91B9798BC008347CC /* Breadcrumbs.app */ = {isa = PBXFileReference; explicitFileType = wrapper.application; includeInIndex = 0; path = Breadcrumbs.app; sourceTree = BUILT_PRODUCTS_DIR; };
		36E99DDD1B9798BC008347CC /* Info.plist */ = {isa = PBXFileReference; lastKnownFileType = text.plist.xml; path = Info.plist; sourceTree = "<group>"; };
		36E99DDE1B9798BC008347CC /* AppDelegate.swift */ = {isa = PBXFileReference; lastKnownFileType = sourcecode.swift; path = AppDelegate.swift; sourceTree = "<group>"; };
		36E99DE01B9798BC008347CC /* ViewController.swift */ = {isa = PBXFileReference; lastKnownFileType = sourcecode.swift; path = ViewController.swift; sourceTree = "<group>"; };
		36E99DE31B9798BC008347CC /* Base */ = {isa = PBXFileReference; lastKnownFileType = file.storyboard; name = Base; path = Base.lproj/Main.storyboard; sourceTree = "<group>"; };
		36E99DE51B9798BC008347CC /* Images.xcassets */ = {isa = PBXFileReference; lastKnownFileType = folder.assetcatalog; path = Images.xcassets; sourceTree = "<group>"; };
		36E99DE81B9798BC008347CC /* Base */ = {isa = PBXFileReference; lastKnownFileType = file.xib; name = Base; path = Base.lproj/LaunchScreen.xib; sourceTree = "<group>"; };
		36E99DEE1B9798BC008347CC /* BreadcrumbsTests.xctest */ = {isa = PBXFileReference; explicitFileType = wrapper.cfbundle; includeInIndex = 0; path = BreadcrumbsTests.xctest; sourceTree = BUILT_PRODUCTS_DIR; };
		36E99DF31B9798BC008347CC /* Info.plist */ = {isa = PBXFileReference; lastKnownFileType = text.plist.xml; path = Info.plist; sourceTree = "<group>"; };
		36E99DF41B9798BC008347CC /* BreadcrumbsTests.swift */ = {isa = PBXFileReference; lastKnownFileType = sourcecode.swift; path = BreadcrumbsTests.swift; sourceTree = "<group>"; };
		36E99DFE1B9799D6008347CC /* Podfile */ = {isa = PBXFileReference; fileEncoding = 4; lastKnownFileType = text; path = Podfile; sourceTree = "<group>"; xcLanguageSpecificationIdentifier = xcode.lang.ruby; };
		36FFB6E21B988FD00020ED80 /* .gitignore */ = {isa = PBXFileReference; fileEncoding = 4; lastKnownFileType = text; path = .gitignore; sourceTree = "<group>"; };
		F0B528B30BB76648E600E0D1 /* Pods_Breadcrumbs.framework */ = {isa = PBXFileReference; explicitFileType = wrapper.framework; includeInIndex = 0; path = Pods_Breadcrumbs.framework; sourceTree = BUILT_PRODUCTS_DIR; };
/* End PBXFileReference section */

/* Begin PBXFrameworksBuildPhase section */
		36E99DD61B9798BC008347CC /* Frameworks */ = {
			isa = PBXFrameworksBuildPhase;
			buildActionMask = 2147483647;
			files = (
				B564919D910B33E66E5CD679 /* Pods_Breadcrumbs.framework in Frameworks */,
			);
			runOnlyForDeploymentPostprocessing = 0;
		};
		36E99DEB1B9798BC008347CC /* Frameworks */ = {
			isa = PBXFrameworksBuildPhase;
			buildActionMask = 2147483647;
			files = (
			);
			runOnlyForDeploymentPostprocessing = 0;
		};
/* End PBXFrameworksBuildPhase section */

/* Begin PBXGroup section */
		364E197B1BA0DB09007F881F /* Fonts */ = {
			isa = PBXGroup;
			children = (
				364E197C1BA0DB09007F881F /* FrutigerLTStd-Bold.otf */,
				364E197D1BA0DB09007F881F /* FrutigerLTStd-Light.otf */,
				364E197E1BA0DB09007F881F /* FrutigerLTStd-LightCn.otf */,
				364E197F1BA0DB09007F881F /* FrutigerLTStd-Roman.otf */,
			);
			path = Fonts;
			sourceTree = "<group>";
		};
		364E198C1BA316F3007F881F /* extensions */ = {
			isa = PBXGroup;
			children = (
				364E198D1BA31738007F881F /* UIView.swift */,
				364E198F1BA36B57007F881F /* CLLocation.swift */,
			);
			name = extensions;
			sourceTree = "<group>";
		};
		3675625F1B9F5FF200189248 /* models */ = {
			isa = PBXGroup;
			children = (
				367562641B9F77FF00189248 /* Crumb.swift */,
				364E19861BA300BB007F881F /* Trail.swift */,
				364E19881BA3016F007F881F /* User.swift */,
			);
			name = models;
			sourceTree = "<group>";
		};
		36E99DD01B9798BC008347CC = {
			isa = PBXGroup;
			children = (
				364E198A1BA30416007F881F /* CrumbAnnotationView.swift */,
				364E19841BA2FDBD007F881F /* CrumbAnnotationView.xib */,
				36FFB6E21B988FD00020ED80 /* .gitignore */,
				36E99DFE1B9799D6008347CC /* Podfile */,
				36E99DDB1B9798BC008347CC /* Breadcrumbs */,
				36E99DF11B9798BC008347CC /* BreadcrumbsTests */,
				36E99DDA1B9798BC008347CC /* Products */,
				F128F65D75C5B9921B3E6808 /* Pods */,
				C93F44022EC1F55A9FCC88B1 /* Frameworks */,
				367562661BA05D0A00189248 /* Breadcrumbs-Bridging-Header.h */,
			);
			sourceTree = "<group>";
		};
		36E99DDA1B9798BC008347CC /* Products */ = {
			isa = PBXGroup;
			children = (
				36E99DD91B9798BC008347CC /* Breadcrumbs.app */,
				36E99DEE1B9798BC008347CC /* BreadcrumbsTests.xctest */,
			);
			name = Products;
			sourceTree = "<group>";
		};
		36E99DDB1B9798BC008347CC /* Breadcrumbs */ = {
			isa = PBXGroup;
			children = (
				364E198C1BA316F3007F881F /* extensions */,
				3675625F1B9F5FF200189248 /* models */,
				36E99DDE1B9798BC008347CC /* AppDelegate.swift */,
				36E99DE01B9798BC008347CC /* ViewController.swift */,
				36E99DE21B9798BC008347CC /* Main.storyboard */,
				36E99DE51B9798BC008347CC /* Images.xcassets */,
				36E99DE71B9798BC008347CC /* LaunchScreen.xib */,
				36E99DDC1B9798BC008347CC /* Supporting Files */,
			);
			path = Breadcrumbs;
			sourceTree = "<group>";
		};
		36E99DDC1B9798BC008347CC /* Supporting Files */ = {
			isa = PBXGroup;
			children = (
				364E197B1BA0DB09007F881F /* Fonts */,
				36E99DDD1B9798BC008347CC /* Info.plist */,
			);
			name = "Supporting Files";
			sourceTree = "<group>";
		};
		36E99DF11B9798BC008347CC /* BreadcrumbsTests */ = {
			isa = PBXGroup;
			children = (
				36E99DF41B9798BC008347CC /* BreadcrumbsTests.swift */,
				36E99DF21B9798BC008347CC /* Supporting Files */,
			);
			path = BreadcrumbsTests;
			sourceTree = "<group>";
		};
		36E99DF21B9798BC008347CC /* Supporting Files */ = {
			isa = PBXGroup;
			children = (
				36E99DF31B9798BC008347CC /* Info.plist */,
			);
			name = "Supporting Files";
			sourceTree = "<group>";
		};
		C93F44022EC1F55A9FCC88B1 /* Frameworks */ = {
			isa = PBXGroup;
			children = (
				F0B528B30BB76648E600E0D1 /* Pods_Breadcrumbs.framework */,
			);
			name = Frameworks;
			sourceTree = "<group>";
		};
		F128F65D75C5B9921B3E6808 /* Pods */ = {
			isa = PBXGroup;
			children = (
				2D298B3D31F34D255ADD2A38 /* Pods-Breadcrumbs.debug.xcconfig */,
				10063EA1933AD1E59B93F0EC /* Pods-Breadcrumbs.release.xcconfig */,
			);
			name = Pods;
			sourceTree = "<group>";
		};
/* End PBXGroup section */

/* Begin PBXNativeTarget section */
		36E99DD81B9798BC008347CC /* Breadcrumbs */ = {
			isa = PBXNativeTarget;
			buildConfigurationList = 36E99DF81B9798BC008347CC /* Build configuration list for PBXNativeTarget "Breadcrumbs" */;
			buildPhases = (
				3BF5FC0AFCDCDF048050FDD1 /* Check Pods Manifest.lock */,
				36E99DD51B9798BC008347CC /* Sources */,
				36E99DD61B9798BC008347CC /* Frameworks */,
				36E99DD71B9798BC008347CC /* Resources */,
				AF7E53D0F9B9558B8CFF0E30 /* Copy Pods Resources */,
				5E8D11AD50A1F8578FEDC45E /* Embed Pods Frameworks */,
			);
			buildRules = (
			);
			dependencies = (
			);
			name = Breadcrumbs;
			productName = Breadcrumbs;
			productReference = 36E99DD91B9798BC008347CC /* Breadcrumbs.app */;
			productType = "com.apple.product-type.application";
		};
		36E99DED1B9798BC008347CC /* BreadcrumbsTests */ = {
			isa = PBXNativeTarget;
			buildConfigurationList = 36E99DFB1B9798BD008347CC /* Build configuration list for PBXNativeTarget "BreadcrumbsTests" */;
			buildPhases = (
				36E99DEA1B9798BC008347CC /* Sources */,
				36E99DEB1B9798BC008347CC /* Frameworks */,
				36E99DEC1B9798BC008347CC /* Resources */,
			);
			buildRules = (
			);
			dependencies = (
				36E99DF01B9798BC008347CC /* PBXTargetDependency */,
			);
			name = BreadcrumbsTests;
			productName = BreadcrumbsTests;
			productReference = 36E99DEE1B9798BC008347CC /* BreadcrumbsTests.xctest */;
			productType = "com.apple.product-type.bundle.unit-test";
		};
/* End PBXNativeTarget section */

/* Begin PBXProject section */
		36E99DD11B9798BC008347CC /* Project object */ = {
			isa = PBXProject;
			attributes = {
				LastUpgradeCheck = 0640;
				ORGANIZATIONNAME = Breadcrumbs;
				TargetAttributes = {
					36E99DD81B9798BC008347CC = {
						CreatedOnToolsVersion = 6.4;
					};
					36E99DED1B9798BC008347CC = {
						CreatedOnToolsVersion = 6.4;
						TestTargetID = 36E99DD81B9798BC008347CC;
					};
				};
			};
			buildConfigurationList = 36E99DD41B9798BC008347CC /* Build configuration list for PBXProject "Breadcrumbs" */;
			compatibilityVersion = "Xcode 3.2";
			developmentRegion = English;
			hasScannedForEncodings = 0;
			knownRegions = (
				en,
				Base,
			);
			mainGroup = 36E99DD01B9798BC008347CC;
			productRefGroup = 36E99DDA1B9798BC008347CC /* Products */;
			projectDirPath = "";
			projectRoot = "";
			targets = (
				36E99DD81B9798BC008347CC /* Breadcrumbs */,
				36E99DED1B9798BC008347CC /* BreadcrumbsTests */,
			);
		};
/* End PBXProject section */

/* Begin PBXResourcesBuildPhase section */
		36E99DD71B9798BC008347CC /* Resources */ = {
			isa = PBXResourcesBuildPhase;
			buildActionMask = 2147483647;
			files = (
				364E19801BA0DB09007F881F /* FrutigerLTStd-Bold.otf in Resources */,
				364E19821BA0DB09007F881F /* FrutigerLTStd-LightCn.otf in Resources */,
				36FFB6E31B988FD00020ED80 /* .gitignore in Resources */,
				364E19811BA0DB09007F881F /* FrutigerLTStd-Light.otf in Resources */,
				36E99DE41B9798BC008347CC /* Main.storyboard in Resources */,
				36E99DE91B9798BC008347CC /* LaunchScreen.xib in Resources */,
				36E99DFF1B9799D6008347CC /* Podfile in Resources */,
				364E19851BA2FDBD007F881F /* CrumbAnnotationView.xib in Resources */,
				36E99DE61B9798BC008347CC /* Images.xcassets in Resources */,
				364E19831BA0DB09007F881F /* FrutigerLTStd-Roman.otf in Resources */,
			);
			runOnlyForDeploymentPostprocessing = 0;
		};
		36E99DEC1B9798BC008347CC /* Resources */ = {
			isa = PBXResourcesBuildPhase;
			buildActionMask = 2147483647;
			files = (
			);
			runOnlyForDeploymentPostprocessing = 0;
		};
/* End PBXResourcesBuildPhase section */

/* Begin PBXShellScriptBuildPhase section */
		3BF5FC0AFCDCDF048050FDD1 /* Check Pods Manifest.lock */ = {
			isa = PBXShellScriptBuildPhase;
			buildActionMask = 2147483647;
			files = (
			);
			inputPaths = (
			);
			name = "Check Pods Manifest.lock";
			outputPaths = (
			);
			runOnlyForDeploymentPostprocessing = 0;
			shellPath = /bin/sh;
			shellScript = "diff \"${PODS_ROOT}/../Podfile.lock\" \"${PODS_ROOT}/Manifest.lock\" > /dev/null\nif [[ $? != 0 ]] ; then\n    cat << EOM\nerror: The sandbox is not in sync with the Podfile.lock. Run 'pod install' or update your CocoaPods installation.\nEOM\n    exit 1\nfi\n";
			showEnvVarsInLog = 0;
		};
		5E8D11AD50A1F8578FEDC45E /* Embed Pods Frameworks */ = {
			isa = PBXShellScriptBuildPhase;
			buildActionMask = 2147483647;
			files = (
			);
			inputPaths = (
			);
			name = "Embed Pods Frameworks";
			outputPaths = (
			);
			runOnlyForDeploymentPostprocessing = 0;
			shellPath = /bin/sh;
			shellScript = "\"${SRCROOT}/Pods/Target Support Files/Pods-Breadcrumbs/Pods-Breadcrumbs-frameworks.sh\"\n";
			showEnvVarsInLog = 0;
		};
		AF7E53D0F9B9558B8CFF0E30 /* Copy Pods Resources */ = {
			isa = PBXShellScriptBuildPhase;
			buildActionMask = 2147483647;
			files = (
			);
			inputPaths = (
			);
			name = "Copy Pods Resources";
			outputPaths = (
			);
			runOnlyForDeploymentPostprocessing = 0;
			shellPath = /bin/sh;
			shellScript = "\"${SRCROOT}/Pods/Target Support Files/Pods-Breadcrumbs/Pods-Breadcrumbs-resources.sh\"\n";
			showEnvVarsInLog = 0;
		};
/* End PBXShellScriptBuildPhase section */

/* Begin PBXSourcesBuildPhase section */
		36E99DD51B9798BC008347CC /* Sources */ = {
			isa = PBXSourcesBuildPhase;
			buildActionMask = 2147483647;
			files = (
				364E198B1BA30416007F881F /* CrumbAnnotationView.swift in Sources */,
				367562651B9F77FF00189248 /* Crumb.swift in Sources */,
				36E99DE11B9798BC008347CC /* ViewController.swift in Sources */,
				364E19901BA36B57007F881F /* CLLocation.swift in Sources */,
				364E198E1BA31738007F881F /* UIView.swift in Sources */,
				364E19871BA300BB007F881F /* Trail.swift in Sources */,
				364E19891BA3016F007F881F /* User.swift in Sources */,
				36E99DDF1B9798BC008347CC /* AppDelegate.swift in Sources */,
			);
			runOnlyForDeploymentPostprocessing = 0;
		};
		36E99DEA1B9798BC008347CC /* Sources */ = {
			isa = PBXSourcesBuildPhase;
			buildActionMask = 2147483647;
			files = (
				36E99DF51B9798BC008347CC /* BreadcrumbsTests.swift in Sources */,
			);
			runOnlyForDeploymentPostprocessing = 0;
		};
/* End PBXSourcesBuildPhase section */

/* Begin PBXTargetDependency section */
		36E99DF01B9798BC008347CC /* PBXTargetDependency */ = {
			isa = PBXTargetDependency;
			target = 36E99DD81B9798BC008347CC /* Breadcrumbs */;
			targetProxy = 36E99DEF1B9798BC008347CC /* PBXContainerItemProxy */;
		};
/* End PBXTargetDependency section */

/* Begin PBXVariantGroup section */
		36E99DE21B9798BC008347CC /* Main.storyboard */ = {
			isa = PBXVariantGroup;
			children = (
				36E99DE31B9798BC008347CC /* Base */,
			);
			name = Main.storyboard;
			sourceTree = "<group>";
		};
		36E99DE71B9798BC008347CC /* LaunchScreen.xib */ = {
			isa = PBXVariantGroup;
			children = (
				36E99DE81B9798BC008347CC /* Base */,
			);
			name = LaunchScreen.xib;
			sourceTree = "<group>";
		};
/* End PBXVariantGroup section */

/* Begin XCBuildConfiguration section */
		36E99DF61B9798BC008347CC /* Debug */ = {
			isa = XCBuildConfiguration;
			buildSettings = {
				ALWAYS_SEARCH_USER_PATHS = NO;
				CLANG_CXX_LANGUAGE_STANDARD = "gnu++0x";
				CLANG_CXX_LIBRARY = "libc++";
				CLANG_ENABLE_MODULES = YES;
				CLANG_ENABLE_OBJC_ARC = YES;
				CLANG_WARN_BOOL_CONVERSION = YES;
				CLANG_WARN_CONSTANT_CONVERSION = YES;
				CLANG_WARN_DIRECT_OBJC_ISA_USAGE = YES_ERROR;
				CLANG_WARN_EMPTY_BODY = YES;
				CLANG_WARN_ENUM_CONVERSION = YES;
				CLANG_WARN_INT_CONVERSION = YES;
				CLANG_WARN_OBJC_ROOT_CLASS = YES_ERROR;
				CLANG_WARN_UNREACHABLE_CODE = YES;
				CLANG_WARN__DUPLICATE_METHOD_MATCH = YES;
				"CODE_SIGN_IDENTITY[sdk=iphoneos*]" = "iPhone Developer";
				COPY_PHASE_STRIP = NO;
				DEBUG_INFORMATION_FORMAT = "dwarf-with-dsym";
				ENABLE_STRICT_OBJC_MSGSEND = YES;
				GCC_C_LANGUAGE_STANDARD = gnu99;
				GCC_DYNAMIC_NO_PIC = NO;
				GCC_NO_COMMON_BLOCKS = YES;
				GCC_OPTIMIZATION_LEVEL = 0;
				GCC_PREPROCESSOR_DEFINITIONS = (
					"DEBUG=1",
					"$(inherited)",
				);
				GCC_SYMBOLS_PRIVATE_EXTERN = NO;
				GCC_WARN_64_TO_32_BIT_CONVERSION = YES;
				GCC_WARN_ABOUT_RETURN_TYPE = YES_ERROR;
				GCC_WARN_UNDECLARED_SELECTOR = YES;
				GCC_WARN_UNINITIALIZED_AUTOS = YES_AGGRESSIVE;
				GCC_WARN_UNUSED_FUNCTION = YES;
				GCC_WARN_UNUSED_VARIABLE = YES;
				IPHONEOS_DEPLOYMENT_TARGET = 8.4;
				MTL_ENABLE_DEBUG_INFO = YES;
				ONLY_ACTIVE_ARCH = YES;
				SDKROOT = iphoneos;
				SWIFT_OPTIMIZATION_LEVEL = "-Onone";
				TARGETED_DEVICE_FAMILY = "1,2";
			};
			name = Debug;
		};
		36E99DF71B9798BC008347CC /* Release */ = {
			isa = XCBuildConfiguration;
			buildSettings = {
				ALWAYS_SEARCH_USER_PATHS = NO;
				CLANG_CXX_LANGUAGE_STANDARD = "gnu++0x";
				CLANG_CXX_LIBRARY = "libc++";
				CLANG_ENABLE_MODULES = YES;
				CLANG_ENABLE_OBJC_ARC = YES;
				CLANG_WARN_BOOL_CONVERSION = YES;
				CLANG_WARN_CONSTANT_CONVERSION = YES;
				CLANG_WARN_DIRECT_OBJC_ISA_USAGE = YES_ERROR;
				CLANG_WARN_EMPTY_BODY = YES;
				CLANG_WARN_ENUM_CONVERSION = YES;
				CLANG_WARN_INT_CONVERSION = YES;
				CLANG_WARN_OBJC_ROOT_CLASS = YES_ERROR;
				CLANG_WARN_UNREACHABLE_CODE = YES;
				CLANG_WARN__DUPLICATE_METHOD_MATCH = YES;
				"CODE_SIGN_IDENTITY[sdk=iphoneos*]" = "iPhone Developer";
				COPY_PHASE_STRIP = NO;
				DEBUG_INFORMATION_FORMAT = "dwarf-with-dsym";
				ENABLE_NS_ASSERTIONS = NO;
				ENABLE_STRICT_OBJC_MSGSEND = YES;
				GCC_C_LANGUAGE_STANDARD = gnu99;
				GCC_NO_COMMON_BLOCKS = YES;
				GCC_WARN_64_TO_32_BIT_CONVERSION = YES;
				GCC_WARN_ABOUT_RETURN_TYPE = YES_ERROR;
				GCC_WARN_UNDECLARED_SELECTOR = YES;
				GCC_WARN_UNINITIALIZED_AUTOS = YES_AGGRESSIVE;
				GCC_WARN_UNUSED_FUNCTION = YES;
				GCC_WARN_UNUSED_VARIABLE = YES;
				IPHONEOS_DEPLOYMENT_TARGET = 8.4;
				MTL_ENABLE_DEBUG_INFO = NO;
				SDKROOT = iphoneos;
				TARGETED_DEVICE_FAMILY = "1,2";
				VALIDATE_PRODUCT = YES;
			};
			name = Release;
		};
		36E99DF91B9798BC008347CC /* Debug */ = {
			isa = XCBuildConfiguration;
			baseConfigurationReference = 2D298B3D31F34D255ADD2A38 /* Pods-Breadcrumbs.debug.xcconfig */;
			buildSettings = {
				ASSETCATALOG_COMPILER_APPICON_NAME = AppIcon;
				CLANG_ENABLE_MODULES = YES;
				INFOPLIST_FILE = Breadcrumbs/Info.plist;
				LD_RUNPATH_SEARCH_PATHS = "$(inherited) @executable_path/Frameworks";
				PRODUCT_NAME = "$(TARGET_NAME)";
				SWIFT_OBJC_BRIDGING_HEADER = "Breadcrumbs-Bridging-Header.h";
				SWIFT_OPTIMIZATION_LEVEL = "-Onone";
			};
			name = Debug;
		};
		36E99DFA1B9798BC008347CC /* Release */ = {
			isa = XCBuildConfiguration;
			baseConfigurationReference = 10063EA1933AD1E59B93F0EC /* Pods-Breadcrumbs.release.xcconfig */;
			buildSettings = {
				ASSETCATALOG_COMPILER_APPICON_NAME = AppIcon;
				CLANG_ENABLE_MODULES = YES;
				INFOPLIST_FILE = Breadcrumbs/Info.plist;
				LD_RUNPATH_SEARCH_PATHS = "$(inherited) @executable_path/Frameworks";
				PRODUCT_NAME = "$(TARGET_NAME)";
				SWIFT_OBJC_BRIDGING_HEADER = "Breadcrumbs-Bridging-Header.h";
			};
			name = Release;
		};
		36E99DFC1B9798BD008347CC /* Debug */ = {
			isa = XCBuildConfiguration;
			buildSettings = {
				BUNDLE_LOADER = "$(TEST_HOST)";
				FRAMEWORK_SEARCH_PATHS = (
					"$(SDKROOT)/Developer/Library/Frameworks",
					"$(inherited)",
				);
				GCC_PREPROCESSOR_DEFINITIONS = (
					"DEBUG=1",
					"$(inherited)",
				);
				INFOPLIST_FILE = BreadcrumbsTests/Info.plist;
				LD_RUNPATH_SEARCH_PATHS = "$(inherited) @executable_path/Frameworks @loader_path/Frameworks";
				PRODUCT_NAME = "$(TARGET_NAME)";
				TEST_HOST = "$(BUILT_PRODUCTS_DIR)/Breadcrumbs.app/Breadcrumbs";
			};
			name = Debug;
		};
		36E99DFD1B9798BD008347CC /* Release */ = {
			isa = XCBuildConfiguration;
			buildSettings = {
				BUNDLE_LOADER = "$(TEST_HOST)";
				FRAMEWORK_SEARCH_PATHS = (
					"$(SDKROOT)/Developer/Library/Frameworks",
					"$(inherited)",
				);
				INFOPLIST_FILE = BreadcrumbsTests/Info.plist;
				LD_RUNPATH_SEARCH_PATHS = "$(inherited) @executable_path/Frameworks @loader_path/Frameworks";
				PRODUCT_NAME = "$(TARGET_NAME)";
				TEST_HOST = "$(BUILT_PRODUCTS_DIR)/Breadcrumbs.app/Breadcrumbs";
			};
			name = Release;
		};
/* End XCBuildConfiguration section */

/* Begin XCConfigurationList section */
		36E99DD41B9798BC008347CC /* Build configuration list for PBXProject "Breadcrumbs" */ = {
			isa = XCConfigurationList;
			buildConfigurations = (
				36E99DF61B9798BC008347CC /* Debug */,
				36E99DF71B9798BC008347CC /* Release */,
			);
			defaultConfigurationIsVisible = 0;
			defaultConfigurationName = Release;
		};
		36E99DF81B9798BC008347CC /* Build configuration list for PBXNativeTarget "Breadcrumbs" */ = {
			isa = XCConfigurationList;
			buildConfigurations = (
				36E99DF91B9798BC008347CC /* Debug */,
				36E99DFA1B9798BC008347CC /* Release */,
			);
			defaultConfigurationIsVisible = 0;
			defaultConfigurationName = Release;
		};
		36E99DFB1B9798BD008347CC /* Build configuration list for PBXNativeTarget "BreadcrumbsTests" */ = {
			isa = XCConfigurationList;
			buildConfigurations = (
				36E99DFC1B9798BD008347CC /* Debug */,
				36E99DFD1B9798BD008347CC /* Release */,
			);
			defaultConfigurationIsVisible = 0;
			defaultConfigurationName = Release;
		};
/* End XCConfigurationList section */
	};
	rootObject = 36E99DD11B9798BC008347CC /* Project object */;
}
